// !$*UTF8*$!
{
	archiveVersion = 1;
	classes = {
	};
	objectVersion = 46;
	objects = {

/* Begin PBXBuildFile section */
		099A0A9C2A514FC183D8577C /* Pods_Vrhcaby.framework in Frameworks */ = {isa = PBXBuildFile; fileRef = 1F8CA2AEB94BC0AA5F051189 /* Pods_Vrhcaby.framework */; };
		9208BD821EB1D95800C7CE36 /* FinalVC.swift in Sources */ = {isa = PBXBuildFile; fileRef = 9208BD811EB1D95800C7CE36 /* FinalVC.swift */; };
		922644331EB0A13700964C6A /* AppDelegate.swift in Sources */ = {isa = PBXBuildFile; fileRef = 922644321EB0A13700964C6A /* AppDelegate.swift */; };
		922644351EB0A13700964C6A /* ViewController.swift in Sources */ = {isa = PBXBuildFile; fileRef = 922644341EB0A13700964C6A /* ViewController.swift */; };
		922644381EB0A13700964C6A /* Main.storyboard in Resources */ = {isa = PBXBuildFile; fileRef = 922644361EB0A13700964C6A /* Main.storyboard */; };
		9226443A1EB0A13700964C6A /* Assets.xcassets in Resources */ = {isa = PBXBuildFile; fileRef = 922644391EB0A13700964C6A /* Assets.xcassets */; };
		9226443D1EB0A13700964C6A /* LaunchScreen.storyboard in Resources */ = {isa = PBXBuildFile; fileRef = 9226443B1EB0A13700964C6A /* LaunchScreen.storyboard */; };
/* End PBXBuildFile section */

/* Begin PBXFileReference section */
		1F8CA2AEB94BC0AA5F051189 /* Pods_Vrhcaby.framework */ = {isa = PBXFileReference; explicitFileType = wrapper.framework; includeInIndex = 0; path = Pods_Vrhcaby.framework; sourceTree = BUILT_PRODUCTS_DIR; };
		2832BB678A2C6DE3280FCEEF /* Pods-Vrhcaby.debug.xcconfig */ = {isa = PBXFileReference; includeInIndex = 1; lastKnownFileType = text.xcconfig; name = "Pods-Vrhcaby.debug.xcconfig"; path = "Pods/Target Support Files/Pods-Vrhcaby/Pods-Vrhcaby.debug.xcconfig"; sourceTree = "<group>"; };
		41CF1640BD6D175A90CD6936 /* Pods-Vrhcaby.release.xcconfig */ = {isa = PBXFileReference; includeInIndex = 1; lastKnownFileType = text.xcconfig; name = "Pods-Vrhcaby.release.xcconfig"; path = "Pods/Target Support Files/Pods-Vrhcaby/Pods-Vrhcaby.release.xcconfig"; sourceTree = "<group>"; };
		9208BD811EB1D95800C7CE36 /* FinalVC.swift */ = {isa = PBXFileReference; fileEncoding = 4; lastKnownFileType = sourcecode.swift; path = FinalVC.swift; sourceTree = "<group>"; };
		9226442F1EB0A13700964C6A /* Vrhcaby.app */ = {isa = PBXFileReference; explicitFileType = wrapper.application; includeInIndex = 0; path = Vrhcaby.app; sourceTree = BUILT_PRODUCTS_DIR; };
		922644321EB0A13700964C6A /* AppDelegate.swift */ = {isa = PBXFileReference; lastKnownFileType = sourcecode.swift; path = AppDelegate.swift; sourceTree = "<group>"; };
		922644341EB0A13700964C6A /* ViewController.swift */ = {isa = PBXFileReference; lastKnownFileType = sourcecode.swift; path = ViewController.swift; sourceTree = "<group>"; };
		922644371EB0A13700964C6A /* Base */ = {isa = PBXFileReference; lastKnownFileType = file.storyboard; name = Base; path = Base.lproj/Main.storyboard; sourceTree = "<group>"; };
		922644391EB0A13700964C6A /* Assets.xcassets */ = {isa = PBXFileReference; lastKnownFileType = folder.assetcatalog; path = Assets.xcassets; sourceTree = "<group>"; };
		9226443C1EB0A13700964C6A /* Base */ = {isa = PBXFileReference; lastKnownFileType = file.storyboard; name = Base; path = Base.lproj/LaunchScreen.storyboard; sourceTree = "<group>"; };
		9226443E1EB0A13700964C6A /* Info.plist */ = {isa = PBXFileReference; lastKnownFileType = text.plist.xml; path = Info.plist; sourceTree = "<group>"; };
/* End PBXFileReference section */

/* Begin PBXFrameworksBuildPhase section */
		9226442C1EB0A13600964C6A /* Frameworks */ = {
			isa = PBXFrameworksBuildPhase;
			buildActionMask = 2147483647;
			files = (
				099A0A9C2A514FC183D8577C /* Pods_Vrhcaby.framework in Frameworks */,
			);
			runOnlyForDeploymentPostprocessing = 0;
		};
/* End PBXFrameworksBuildPhase section */

/* Begin PBXGroup section */
		485F165FD1FE14A41E1D90E8 /* Frameworks */ = {
			isa = PBXGroup;
			children = (
				1F8CA2AEB94BC0AA5F051189 /* Pods_Vrhcaby.framework */,
			);
			name = Frameworks;
			sourceTree = "<group>";
		};
		922644261EB0A13600964C6A = {
			isa = PBXGroup;
			children = (
				922644311EB0A13700964C6A /* Vrhcaby */,
				922644301EB0A13700964C6A /* Products */,
				ED377454FE6651BF2FC68612 /* Pods */,
				485F165FD1FE14A41E1D90E8 /* Frameworks */,
			);
			sourceTree = "<group>";
		};
		922644301EB0A13700964C6A /* Products */ = {
			isa = PBXGroup;
			children = (
				9226442F1EB0A13700964C6A /* Vrhcaby.app */,
			);
			name = Products;
			sourceTree = "<group>";
		};
		922644311EB0A13700964C6A /* Vrhcaby */ = {
			isa = PBXGroup;
			children = (
				922644321EB0A13700964C6A /* AppDelegate.swift */,
				922644341EB0A13700964C6A /* ViewController.swift */,
				9208BD811EB1D95800C7CE36 /* FinalVC.swift */,
				922644361EB0A13700964C6A /* Main.storyboard */,
				922644391EB0A13700964C6A /* Assets.xcassets */,
				9226443B1EB0A13700964C6A /* LaunchScreen.storyboard */,
				9226443E1EB0A13700964C6A /* Info.plist */,
			);
			path = Vrhcaby;
			sourceTree = "<group>";
		};
		ED377454FE6651BF2FC68612 /* Pods */ = {
			isa = PBXGroup;
			children = (
				2832BB678A2C6DE3280FCEEF /* Pods-Vrhcaby.debug.xcconfig */,
				41CF1640BD6D175A90CD6936 /* Pods-Vrhcaby.release.xcconfig */,
			);
			name = Pods;
			sourceTree = "<group>";
		};
/* End PBXGroup section */

/* Begin PBXNativeTarget section */
		9226442E1EB0A13600964C6A /* Vrhcaby */ = {
			isa = PBXNativeTarget;
			buildConfigurationList = 922644411EB0A13700964C6A /* Build configuration list for PBXNativeTarget "Vrhcaby" */;
			buildPhases = (
				EA6EDF8E984ADE381CD5F479 /* [CP] Check Pods Manifest.lock */,
				9226442B1EB0A13600964C6A /* Sources */,
				9226442C1EB0A13600964C6A /* Frameworks */,
				9226442D1EB0A13600964C6A /* Resources */,
				2C872982CA8B52455B0CB7F9 /* [CP] Embed Pods Frameworks */,
				8509671B4FBEF19E592D76AD /* [CP] Copy Pods Resources */,
			);
			buildRules = (
			);
			dependencies = (
			);
			name = Vrhcaby;
			productName = Vrhcaby;
			productReference = 9226442F1EB0A13700964C6A /* Vrhcaby.app */;
			productType = "com.apple.product-type.application";
		};
/* End PBXNativeTarget section */

/* Begin PBXProject section */
		922644271EB0A13600964C6A /* Project object */ = {
			isa = PBXProject;
			attributes = {
				LastSwiftUpdateCheck = 0820;
				LastUpgradeCheck = 0820;
				ORGANIZATIONNAME = "Petr Jodas";
				TargetAttributes = {
					9226442E1EB0A13600964C6A = {
						CreatedOnToolsVersion = 8.2.1;
						DevelopmentTeam = FADB7XUMY7;
						ProvisioningStyle = Automatic;
					};
				};
			};
			buildConfigurationList = 9226442A1EB0A13600964C6A /* Build configuration list for PBXProject "Vrhcaby" */;
			compatibilityVersion = "Xcode 3.2";
			developmentRegion = English;
			hasScannedForEncodings = 0;
			knownRegions = (
				en,
				Base,
			);
			mainGroup = 922644261EB0A13600964C6A;
			productRefGroup = 922644301EB0A13700964C6A /* Products */;
			projectDirPath = "";
			projectRoot = "";
			targets = (
				9226442E1EB0A13600964C6A /* Vrhcaby */,
			);
		};
/* End PBXProject section */

/* Begin PBXResourcesBuildPhase section */
		9226442D1EB0A13600964C6A /* Resources */ = {
			isa = PBXResourcesBuildPhase;
			buildActionMask = 2147483647;
			files = (
				9226443D1EB0A13700964C6A /* LaunchScreen.storyboard in Resources */,
				9226443A1EB0A13700964C6A /* Assets.xcassets in Resources */,
				922644381EB0A13700964C6A /* Main.storyboard in Resources */,
			);
			runOnlyForDeploymentPostprocessing = 0;
		};
/* End PBXResourcesBuildPhase section */

/* Begin PBXShellScriptBuildPhase section */
		2C872982CA8B52455B0CB7F9 /* [CP] Embed Pods Frameworks */ = {
			isa = PBXShellScriptBuildPhase;
			buildActionMask = 2147483647;
			files = (
			);
			inputPaths = (
			);
			name = "[CP] Embed Pods Frameworks";
			outputPaths = (
			);
			runOnlyForDeploymentPostprocessing = 0;
			shellPath = /bin/sh;
			shellScript = "\"${SRCROOT}/Pods/Target Support Files/Pods-Vrhcaby/Pods-Vrhcaby-frameworks.sh\"\n";
			showEnvVarsInLog = 0;
		};
		8509671B4FBEF19E592D76AD /* [CP] Copy Pods Resources */ = {
			isa = PBXShellScriptBuildPhase;
			buildActionMask = 2147483647;
			files = (
			);
			inputPaths = (
			);
			name = "[CP] Copy Pods Resources";
			outputPaths = (
			);
			runOnlyForDeploymentPostprocessing = 0;
			shellPath = /bin/sh;
			shellScript = "\"${SRCROOT}/Pods/Target Support Files/Pods-Vrhcaby/Pods-Vrhcaby-resources.sh\"\n";
			showEnvVarsInLog = 0;
		};
		EA6EDF8E984ADE381CD5F479 /* [CP] Check Pods Manifest.lock */ = {
			isa = PBXShellScriptBuildPhase;
			buildActionMask = 2147483647;
			files = (
			);
			inputPaths = (
			);
			name = "[CP] Check Pods Manifest.lock";
			outputPaths = (
			);
			runOnlyForDeploymentPostprocessing = 0;
			shellPath = /bin/sh;
			shellScript = "diff \"${PODS_ROOT}/../Podfile.lock\" \"${PODS_ROOT}/Manifest.lock\" > /dev/null\nif [ $? != 0 ] ; then\n    # print error to STDERR\n    echo \"error: The sandbox is not in sync with the Podfile.lock. Run 'pod install' or update your CocoaPods installation.\" >&2\n    exit 1\nfi\n";
			showEnvVarsInLog = 0;
		};
/* End PBXShellScriptBuildPhase section */

/* Begin PBXSourcesBuildPhase section */
		9226442B1EB0A13600964C6A /* Sources */ = {
			isa = PBXSourcesBuildPhase;
			buildActionMask = 2147483647;
			files = (
				922644351EB0A13700964C6A /* ViewController.swift in Sources */,
				922644331EB0A13700964C6A /* AppDelegate.swift in Sources */,
				9208BD821EB1D95800C7CE36 /* FinalVC.swift in Sources */,
			);
			runOnlyForDeploymentPostprocessing = 0;
		};
/* End PBXSourcesBuildPhase section */

/* Begin PBXVariantGroup section */
		922644361EB0A13700964C6A /* Main.storyboard */ = {
			isa = PBXVariantGroup;
			children = (
				922644371EB0A13700964C6A /* Base */,
			);
			name = Main.storyboard;
			sourceTree = "<group>";
		};
		9226443B1EB0A13700964C6A /* LaunchScreen.storyboard */ = {
			isa = PBXVariantGroup;
			children = (
				9226443C1EB0A13700964C6A /* Base */,
			);
			name = LaunchScreen.storyboard;
			sourceTree = "<group>";
		};
/* End PBXVariantGroup section */

/* Begin XCBuildConfiguration section */
		9226443F1EB0A13700964C6A /* Debug */ = {
			isa = XCBuildConfiguration;
			buildSettings = {
				ALWAYS_SEARCH_USER_PATHS = NO;
				CLANG_ANALYZER_NONNULL = YES;
				CLANG_CXX_LANGUAGE_STANDARD = "gnu++0x";
				CLANG_CXX_LIBRARY = "libc++";
				CLANG_ENABLE_MODULES = YES;
				CLANG_ENABLE_OBJC_ARC = YES;
				CLANG_WARN_BOOL_CONVERSION = YES;
				CLANG_WARN_CONSTANT_CONVERSION = YES;
				CLANG_WARN_DIRECT_OBJC_ISA_USAGE = YES_ERROR;
				CLANG_WARN_DOCUMENTATION_COMMENTS = YES;
				CLANG_WARN_EMPTY_BODY = YES;
				CLANG_WARN_ENUM_CONVERSION = YES;
				CLANG_WARN_INFINITE_RECURSION = YES;
				CLANG_WARN_INT_CONVERSION = YES;
				CLANG_WARN_OBJC_ROOT_CLASS = YES_ERROR;
				CLANG_WARN_SUSPICIOUS_MOVE = YES;
				CLANG_WARN_UNREACHABLE_CODE = YES;
				CLANG_WARN__DUPLICATE_METHOD_MATCH = YES;
				"CODE_SIGN_IDENTITY[sdk=iphoneos*]" = "iPhone Developer";
				COPY_PHASE_STRIP = NO;
				DEBUG_INFORMATION_FORMAT = dwarf;
				ENABLE_STRICT_OBJC_MSGSEND = YES;
				ENABLE_TESTABILITY = YES;
				GCC_C_LANGUAGE_STANDARD = gnu99;
				GCC_DYNAMIC_NO_PIC = NO;
				GCC_NO_COMMON_BLOCKS = YES;
				GCC_OPTIMIZATION_LEVEL = 0;
				GCC_PREPROCESSOR_DEFINITIONS = (
					"DEBUG=1",
					"$(inherited)",
				);
				GCC_WARN_64_TO_32_BIT_CONVERSION = YES;
				GCC_WARN_ABOUT_RETURN_TYPE = YES_ERROR;
				GCC_WARN_UNDECLARED_SELECTOR = YES;
				GCC_WARN_UNINITIALIZED_AUTOS = YES_AGGRESSIVE;
				GCC_WARN_UNUSED_FUNCTION = YES;
				GCC_WARN_UNUSED_VARIABLE = YES;
				IPHONEOS_DEPLOYMENT_TARGET = 10.2;
				MTL_ENABLE_DEBUG_INFO = YES;
				ONLY_ACTIVE_ARCH = YES;
				SDKROOT = iphoneos;
				SWIFT_ACTIVE_COMPILATION_CONDITIONS = DEBUG;
				SWIFT_OPTIMIZATION_LEVEL = "-Onone";
			};
			name = Debug;
		};
		922644401EB0A13700964C6A /* Release */ = {
			isa = XCBuildConfiguration;
			buildSettings = {
				ALWAYS_SEARCH_USER_PATHS = NO;
				CLANG_ANALYZER_NONNULL = YES;
				CLANG_CXX_LANGUAGE_STANDARD = "gnu++0x";
				CLANG_CXX_LIBRARY = "libc++";
				CLANG_ENABLE_MODULES = YES;
				CLANG_ENABLE_OBJC_ARC = YES;
				CLANG_WARN_BOOL_CONVERSION = YES;
				CLANG_WARN_CONSTANT_CONVERSION = YES;
				CLANG_WARN_DIRECT_OBJC_ISA_USAGE = YES_ERROR;
				CLANG_WARN_DOCUMENTATION_COMMENTS = YES;
				CLANG_WARN_EMPTY_BODY = YES;
				CLANG_WARN_ENUM_CONVERSION = YES;
				CLANG_WARN_INFINITE_RECURSION = YES;
				CLANG_WARN_INT_CONVERSION = YES;
				CLANG_WARN_OBJC_ROOT_CLASS = YES_ERROR;
				CLANG_WARN_SUSPICIOUS_MOVE = YES;
				CLANG_WARN_UNREACHABLE_CODE = YES;
				CLANG_WARN__DUPLICATE_METHOD_MATCH = YES;
				"CODE_SIGN_IDENTITY[sdk=iphoneos*]" = "iPhone Developer";
				COPY_PHASE_STRIP = NO;
				DEBUG_INFORMATION_FORMAT = "dwarf-with-dsym";
				ENABLE_NS_ASSERTIONS = NO;
				ENABLE_STRICT_OBJC_MSGSEND = YES;
				GCC_C_LANGUAGE_STANDARD = gnu99;
				GCC_NO_COMMON_BLOCKS = YES;
				GCC_WARN_64_TO_32_BIT_CONVERSION = YES;
				GCC_WARN_ABOUT_RETURN_TYPE = YES_ERROR;
				GCC_WARN_UNDECLARED_SELECTOR = YES;
				GCC_WARN_UNINITIALIZED_AUTOS = YES_AGGRESSIVE;
				GCC_WARN_UNUSED_FUNCTION = YES;
				GCC_WARN_UNUSED_VARIABLE = YES;
				IPHONEOS_DEPLOYMENT_TARGET = 10.2;
				MTL_ENABLE_DEBUG_INFO = NO;
				SDKROOT = iphoneos;
				SWIFT_OPTIMIZATION_LEVEL = "-Owholemodule";
				VALIDATE_PRODUCT = YES;
			};
			name = Release;
		};
		922644421EB0A13700964C6A /* Debug */ = {
			isa = XCBuildConfiguration;
			baseConfigurationReference = 2832BB678A2C6DE3280FCEEF /* Pods-Vrhcaby.debug.xcconfig */;
			buildSettings = {
				ASSETCATALOG_COMPILER_APPICON_NAME = AppIcon;
				DEVELOPMENT_TEAM = FADB7XUMY7;
				INFOPLIST_FILE = Vrhcaby/Info.plist;
				LD_RUNPATH_SEARCH_PATHS = "$(inherited) @executable_path/Frameworks";
				PRODUCT_BUNDLE_IDENTIFIER = com.jodynek.Vrhcaby;
				PRODUCT_NAME = "$(TARGET_NAME)";
				SWIFT_VERSION = 3.0;
			};
			name = Debug;
		};
		922644431EB0A13700964C6A /* Release */ = {
			isa = XCBuildConfiguration;
			baseConfigurationReference = 41CF1640BD6D175A90CD6936 /* Pods-Vrhcaby.release.xcconfig */;
			buildSettings = {
				ASSETCATALOG_COMPILER_APPICON_NAME = AppIcon;
				DEVELOPMENT_TEAM = FADB7XUMY7;
				INFOPLIST_FILE = Vrhcaby/Info.plist;
				LD_RUNPATH_SEARCH_PATHS = "$(inherited) @executable_path/Frameworks";
				PRODUCT_BUNDLE_IDENTIFIER = com.jodynek.Vrhcaby;
				PRODUCT_NAME = "$(TARGET_NAME)";
				SWIFT_VERSION = 3.0;
			};
			name = Release;
		};
/* End XCBuildConfiguration section */

/* Begin XCConfigurationList section */
		9226442A1EB0A13600964C6A /* Build configuration list for PBXProject "Vrhcaby" */ = {
			isa = XCConfigurationList;
			buildConfigurations = (
				9226443F1EB0A13700964C6A /* Debug */,
				922644401EB0A13700964C6A /* Release */,
			);
			defaultConfigurationIsVisible = 0;
			defaultConfigurationName = Release;
		};
		922644411EB0A13700964C6A /* Build configuration list for PBXNativeTarget "Vrhcaby" */ = {
			isa = XCConfigurationList;
			buildConfigurations = (
				922644421EB0A13700964C6A /* Debug */,
				922644431EB0A13700964C6A /* Release */,
			);
			defaultConfigurationIsVisible = 0;
			defaultConfigurationName = Release;
		};
/* End XCConfigurationList section */
	};
	rootObject = 922644271EB0A13600964C6A /* Project object */;
}
